// !$*UTF8*$!
{
	archiveVersion = 1;
	classes = {
	};
	objectVersion = 56;
	objects = {

/* Begin PBXBuildFile section */
		A2857F27891C41FCC9A95253 /* Pods_TaskApp.framework in Frameworks */ = {isa = PBXBuildFile; fileRef = B954BE061C83E092A7818493 /* Pods_TaskApp.framework */; };
		CF4BAF972BCE12FD00C93F68 /* CategoryViewController.swift in Sources */ = {isa = PBXBuildFile; fileRef = CF4BAF962BCE12FD00C93F68 /* CategoryViewController.swift */; };
		CF66DC412BC8EFB0001CD2C2 /* AppDelegate.swift in Sources */ = {isa = PBXBuildFile; fileRef = CF66DC402BC8EFB0001CD2C2 /* AppDelegate.swift */; };
		CF66DC432BC8EFB0001CD2C2 /* SceneDelegate.swift in Sources */ = {isa = PBXBuildFile; fileRef = CF66DC422BC8EFB0001CD2C2 /* SceneDelegate.swift */; };
		CF66DC452BC8EFB0001CD2C2 /* ViewController.swift in Sources */ = {isa = PBXBuildFile; fileRef = CF66DC442BC8EFB0001CD2C2 /* ViewController.swift */; };
		CF66DC482BC8EFB0001CD2C2 /* Main.storyboard in Resources */ = {isa = PBXBuildFile; fileRef = CF66DC462BC8EFB0001CD2C2 /* Main.storyboard */; };
		CF66DC4A2BC8EFB1001CD2C2 /* Assets.xcassets in Resources */ = {isa = PBXBuildFile; fileRef = CF66DC492BC8EFB1001CD2C2 /* Assets.xcassets */; };
		CF66DC4D2BC8EFB1001CD2C2 /* LaunchScreen.storyboard in Resources */ = {isa = PBXBuildFile; fileRef = CF66DC4B2BC8EFB1001CD2C2 /* LaunchScreen.storyboard */; };
		CF66DC552BC91158001CD2C2 /* InputViewController.swift in Sources */ = {isa = PBXBuildFile; fileRef = CF66DC542BC91158001CD2C2 /* InputViewController.swift */; };
		CF86CC822BCCBB0F00AC8286 /* Task.swift in Sources */ = {isa = PBXBuildFile; fileRef = CF86CC812BCCBB0F00AC8286 /* Task.swift */; };
/* End PBXBuildFile section */

/* Begin PBXFileReference section */
		B954BE061C83E092A7818493 /* Pods_TaskApp.framework */ = {isa = PBXFileReference; explicitFileType = wrapper.framework; includeInIndex = 0; path = Pods_TaskApp.framework; sourceTree = BUILT_PRODUCTS_DIR; };
		CF4BAF962BCE12FD00C93F68 /* CategoryViewController.swift */ = {isa = PBXFileReference; lastKnownFileType = sourcecode.swift; path = CategoryViewController.swift; sourceTree = "<group>"; };
		CF66DC3D2BC8EFB0001CD2C2 /* TaskApp.app */ = {isa = PBXFileReference; explicitFileType = wrapper.application; includeInIndex = 0; path = TaskApp.app; sourceTree = BUILT_PRODUCTS_DIR; };
		CF66DC402BC8EFB0001CD2C2 /* AppDelegate.swift */ = {isa = PBXFileReference; lastKnownFileType = sourcecode.swift; path = AppDelegate.swift; sourceTree = "<group>"; };
		CF66DC422BC8EFB0001CD2C2 /* SceneDelegate.swift */ = {isa = PBXFileReference; lastKnownFileType = sourcecode.swift; path = SceneDelegate.swift; sourceTree = "<group>"; };
		CF66DC442BC8EFB0001CD2C2 /* ViewController.swift */ = {isa = PBXFileReference; lastKnownFileType = sourcecode.swift; path = ViewController.swift; sourceTree = "<group>"; };
		CF66DC472BC8EFB0001CD2C2 /* Base */ = {isa = PBXFileReference; lastKnownFileType = file.storyboard; name = Base; path = Base.lproj/Main.storyboard; sourceTree = "<group>"; };
		CF66DC492BC8EFB1001CD2C2 /* Assets.xcassets */ = {isa = PBXFileReference; lastKnownFileType = folder.assetcatalog; path = Assets.xcassets; sourceTree = "<group>"; };
		CF66DC4C2BC8EFB1001CD2C2 /* Base */ = {isa = PBXFileReference; lastKnownFileType = file.storyboard; name = Base; path = Base.lproj/LaunchScreen.storyboard; sourceTree = "<group>"; };
		CF66DC4E2BC8EFB1001CD2C2 /* Info.plist */ = {isa = PBXFileReference; lastKnownFileType = text.plist.xml; path = Info.plist; sourceTree = "<group>"; };
		CF66DC542BC91158001CD2C2 /* InputViewController.swift */ = {isa = PBXFileReference; lastKnownFileType = sourcecode.swift; path = InputViewController.swift; sourceTree = "<group>"; };
		CF86CC812BCCBB0F00AC8286 /* Task.swift */ = {isa = PBXFileReference; lastKnownFileType = sourcecode.swift; path = Task.swift; sourceTree = "<group>"; };
		D17B2D677F2641FC928D454E /* Pods-TaskApp.release.xcconfig */ = {isa = PBXFileReference; includeInIndex = 1; lastKnownFileType = text.xcconfig; name = "Pods-TaskApp.release.xcconfig"; path = "Target Support Files/Pods-TaskApp/Pods-TaskApp.release.xcconfig"; sourceTree = "<group>"; };
		DB5FE3FE5D38663D2A6FF719 /* Pods-TaskApp.debug.xcconfig */ = {isa = PBXFileReference; includeInIndex = 1; lastKnownFileType = text.xcconfig; name = "Pods-TaskApp.debug.xcconfig"; path = "Target Support Files/Pods-TaskApp/Pods-TaskApp.debug.xcconfig"; sourceTree = "<group>"; };
/* End PBXFileReference section */

/* Begin PBXFrameworksBuildPhase section */
		CF66DC3A2BC8EFB0001CD2C2 /* Frameworks */ = {
			isa = PBXFrameworksBuildPhase;
			buildActionMask = 2147483647;
			files = (
				A2857F27891C41FCC9A95253 /* Pods_TaskApp.framework in Frameworks */,
			);
			runOnlyForDeploymentPostprocessing = 0;
		};
/* End PBXFrameworksBuildPhase section */

/* Begin PBXGroup section */
		6211AF6724E82832E2574956 /* Pods */ = {
			isa = PBXGroup;
			children = (
				DB5FE3FE5D38663D2A6FF719 /* Pods-TaskApp.debug.xcconfig */,
				D17B2D677F2641FC928D454E /* Pods-TaskApp.release.xcconfig */,
			);
			path = Pods;
			sourceTree = "<group>";
		};
		C6517E0AC88B0AEA7E187B53 /* Frameworks */ = {
			isa = PBXGroup;
			children = (
				B954BE061C83E092A7818493 /* Pods_TaskApp.framework */,
			);
			name = Frameworks;
			sourceTree = "<group>";
		};
		CF66DC342BC8EFB0001CD2C2 = {
			isa = PBXGroup;
			children = (
				CF66DC3F2BC8EFB0001CD2C2 /* TaskApp */,
				CF66DC3E2BC8EFB0001CD2C2 /* Products */,
				6211AF6724E82832E2574956 /* Pods */,
				C6517E0AC88B0AEA7E187B53 /* Frameworks */,
			);
			sourceTree = "<group>";
		};
		CF66DC3E2BC8EFB0001CD2C2 /* Products */ = {
			isa = PBXGroup;
			children = (
				CF66DC3D2BC8EFB0001CD2C2 /* TaskApp.app */,
			);
			name = Products;
			sourceTree = "<group>";
		};
		CF66DC3F2BC8EFB0001CD2C2 /* TaskApp */ = {
			isa = PBXGroup;
			children = (
				CF66DC402BC8EFB0001CD2C2 /* AppDelegate.swift */,
				CF66DC422BC8EFB0001CD2C2 /* SceneDelegate.swift */,
				CF66DC442BC8EFB0001CD2C2 /* ViewController.swift */,
				CF66DC542BC91158001CD2C2 /* InputViewController.swift */,
				CF4BAF962BCE12FD00C93F68 /* CategoryViewController.swift */,
				CF66DC462BC8EFB0001CD2C2 /* Main.storyboard */,
				CF66DC492BC8EFB1001CD2C2 /* Assets.xcassets */,
				CF66DC4B2BC8EFB1001CD2C2 /* LaunchScreen.storyboard */,
				CF66DC4E2BC8EFB1001CD2C2 /* Info.plist */,
				CF86CC812BCCBB0F00AC8286 /* Task.swift */,
			);
			path = TaskApp;
			sourceTree = "<group>";
		};
/* End PBXGroup section */

/* Begin PBXNativeTarget section */
		CF66DC3C2BC8EFB0001CD2C2 /* TaskApp */ = {
			isa = PBXNativeTarget;
			buildConfigurationList = CF66DC512BC8EFB1001CD2C2 /* Build configuration list for PBXNativeTarget "TaskApp" */;
			buildPhases = (
				1741D565BFE269C8C1BE1256 /* [CP] Check Pods Manifest.lock */,
				CF66DC392BC8EFB0001CD2C2 /* Sources */,
				CF66DC3A2BC8EFB0001CD2C2 /* Frameworks */,
				CF66DC3B2BC8EFB0001CD2C2 /* Resources */,
				13C72F918CDF890F41218966 /* [CP] Embed Pods Frameworks */,
			);
			buildRules = (
			);
			dependencies = (
			);
			name = TaskApp;
			productName = TaskApp;
			productReference = CF66DC3D2BC8EFB0001CD2C2 /* TaskApp.app */;
			productType = "com.apple.product-type.application";
		};
/* End PBXNativeTarget section */

/* Begin PBXProject section */
		CF66DC352BC8EFB0001CD2C2 /* Project object */ = {
			isa = PBXProject;
			attributes = {
				BuildIndependentTargetsInParallel = 1;
				LastSwiftUpdateCheck = 1510;
				LastUpgradeCheck = 1510;
				TargetAttributes = {
					CF66DC3C2BC8EFB0001CD2C2 = {
						CreatedOnToolsVersion = 15.1;
					};
				};
			};
			buildConfigurationList = CF66DC382BC8EFB0001CD2C2 /* Build configuration list for PBXProject "TaskApp" */;
			compatibilityVersion = "Xcode 14.0";
			developmentRegion = en;
			hasScannedForEncodings = 0;
			knownRegions = (
				en,
				Base,
			);
			mainGroup = CF66DC342BC8EFB0001CD2C2;
			productRefGroup = CF66DC3E2BC8EFB0001CD2C2 /* Products */;
			projectDirPath = "";
			projectRoot = "";
			targets = (
				CF66DC3C2BC8EFB0001CD2C2 /* TaskApp */,
			);
		};
/* End PBXProject section */

/* Begin PBXResourcesBuildPhase section */
		CF66DC3B2BC8EFB0001CD2C2 /* Resources */ = {
			isa = PBXResourcesBuildPhase;
			buildActionMask = 2147483647;
			files = (
				CF66DC4D2BC8EFB1001CD2C2 /* LaunchScreen.storyboard in Resources */,
				CF66DC4A2BC8EFB1001CD2C2 /* Assets.xcassets in Resources */,
				CF66DC482BC8EFB0001CD2C2 /* Main.storyboard in Resources */,
			);
			runOnlyForDeploymentPostprocessing = 0;
		};
/* End PBXResourcesBuildPhase section */

/* Begin PBXShellScriptBuildPhase section */
		13C72F918CDF890F41218966 /* [CP] Embed Pods Frameworks */ = {
			isa = PBXShellScriptBuildPhase;
			buildActionMask = 2147483647;
			files = (
			);
			inputFileListPaths = (
				"${PODS_ROOT}/Target Support Files/Pods-TaskApp/Pods-TaskApp-frameworks-${CONFIGURATION}-input-files.xcfilelist",
			);
			name = "[CP] Embed Pods Frameworks";
			outputFileListPaths = (
				"${PODS_ROOT}/Target Support Files/Pods-TaskApp/Pods-TaskApp-frameworks-${CONFIGURATION}-output-files.xcfilelist",
			);
			runOnlyForDeploymentPostprocessing = 0;
			shellPath = /bin/sh;
			shellScript = "\"${PODS_ROOT}/Target Support Files/Pods-TaskApp/Pods-TaskApp-frameworks.sh\"\n";
			showEnvVarsInLog = 0;
		};
		1741D565BFE269C8C1BE1256 /* [CP] Check Pods Manifest.lock */ = {
			isa = PBXShellScriptBuildPhase;
			buildActionMask = 2147483647;
			files = (
			);
			inputFileListPaths = (
			);
			inputPaths = (
				"${PODS_PODFILE_DIR_PATH}/Podfile.lock",
				"${PODS_ROOT}/Manifest.lock",
			);
			name = "[CP] Check Pods Manifest.lock";
			outputFileListPaths = (
			);
			outputPaths = (
				"$(DERIVED_FILE_DIR)/Pods-TaskApp-checkManifestLockResult.txt",
			);
			runOnlyForDeploymentPostprocessing = 0;
			shellPath = /bin/sh;
			shellScript = "diff \"${PODS_PODFILE_DIR_PATH}/Podfile.lock\" \"${PODS_ROOT}/Manifest.lock\" > /dev/null\nif [ $? != 0 ] ; then\n    # print error to STDERR\n    echo \"error: The sandbox is not in sync with the Podfile.lock. Run 'pod install' or update your CocoaPods installation.\" >&2\n    exit 1\nfi\n# This output is used by Xcode 'outputs' to avoid re-running this script phase.\necho \"SUCCESS\" > \"${SCRIPT_OUTPUT_FILE_0}\"\n";
			showEnvVarsInLog = 0;
		};
/* End PBXShellScriptBuildPhase section */

/* Begin PBXSourcesBuildPhase section */
		CF66DC392BC8EFB0001CD2C2 /* Sources */ = {
			isa = PBXSourcesBuildPhase;
			buildActionMask = 2147483647;
			files = (
				CF66DC452BC8EFB0001CD2C2 /* ViewController.swift in Sources */,
				CF66DC412BC8EFB0001CD2C2 /* AppDelegate.swift in Sources */,
				CF4BAF972BCE12FD00C93F68 /* CategoryViewController.swift in Sources */,
				CF86CC822BCCBB0F00AC8286 /* Task.swift in Sources */,
				CF66DC432BC8EFB0001CD2C2 /* SceneDelegate.swift in Sources */,
				CF66DC552BC91158001CD2C2 /* InputViewController.swift in Sources */,
			);
			runOnlyForDeploymentPostprocessing = 0;
		};
/* End PBXSourcesBuildPhase section */

/* Begin PBXVariantGroup section */
		CF66DC462BC8EFB0001CD2C2 /* Main.storyboard */ = {
			isa = PBXVariantGroup;
			children = (
				CF66DC472BC8EFB0001CD2C2 /* Base */,
			);
			name = Main.storyboard;
			sourceTree = "<group>";
		};
		CF66DC4B2BC8EFB1001CD2C2 /* LaunchScreen.storyboard */ = {
			isa = PBXVariantGroup;
			children = (
				CF66DC4C2BC8EFB1001CD2C2 /* Base */,
			);
			name = LaunchScreen.storyboard;
			sourceTree = "<group>";
		};
/* End PBXVariantGroup section */

/* Begin XCBuildConfiguration section */
		CF66DC4F2BC8EFB1001CD2C2 /* Debug */ = {
			isa = XCBuildConfiguration;
			buildSettings = {
				ALWAYS_SEARCH_USER_PATHS = NO;
				ASSETCATALOG_COMPILER_GENERATE_SWIFT_ASSET_SYMBOL_EXTENSIONS = YES;
				CLANG_ANALYZER_NONNULL = YES;
				CLANG_ANALYZER_NUMBER_OBJECT_CONVERSION = YES_AGGRESSIVE;
				CLANG_CXX_LANGUAGE_STANDARD = "gnu++20";
				CLANG_ENABLE_MODULES = YES;
				CLANG_ENABLE_OBJC_ARC = YES;
				CLANG_ENABLE_OBJC_WEAK = YES;
				CLANG_WARN_BLOCK_CAPTURE_AUTORELEASING = YES;
				CLANG_WARN_BOOL_CONVERSION = YES;
				CLANG_WARN_COMMA = YES;
				CLANG_WARN_CONSTANT_CONVERSION = YES;
				CLANG_WARN_DEPRECATED_OBJC_IMPLEMENTATIONS = YES;
				CLANG_WARN_DIRECT_OBJC_ISA_USAGE = YES_ERROR;
				CLANG_WARN_DOCUMENTATION_COMMENTS = YES;
				CLANG_WARN_EMPTY_BODY = YES;
				CLANG_WARN_ENUM_CONVERSION = YES;
				CLANG_WARN_INFINITE_RECURSION = YES;
				CLANG_WARN_INT_CONVERSION = YES;
				CLANG_WARN_NON_LITERAL_NULL_CONVERSION = YES;
				CLANG_WARN_OBJC_IMPLICIT_RETAIN_SELF = YES;
				CLANG_WARN_OBJC_LITERAL_CONVERSION = YES;
				CLANG_WARN_OBJC_ROOT_CLASS = YES_ERROR;
				CLANG_WARN_QUOTED_INCLUDE_IN_FRAMEWORK_HEADER = YES;
				CLANG_WARN_RANGE_LOOP_ANALYSIS = YES;
				CLANG_WARN_STRICT_PROTOTYPES = YES;
				CLANG_WARN_SUSPICIOUS_MOVE = YES;
				CLANG_WARN_UNGUARDED_AVAILABILITY = YES_AGGRESSIVE;
				CLANG_WARN_UNREACHABLE_CODE = YES;
				CLANG_WARN__DUPLICATE_METHOD_MATCH = YES;
				COPY_PHASE_STRIP = NO;
				DEBUG_INFORMATION_FORMAT = dwarf;
				ENABLE_STRICT_OBJC_MSGSEND = YES;
				ENABLE_TESTABILITY = YES;
				ENABLE_USER_SCRIPT_SANDBOXING = NO;
				GCC_C_LANGUAGE_STANDARD = gnu17;
				GCC_DYNAMIC_NO_PIC = NO;
				GCC_NO_COMMON_BLOCKS = YES;
				GCC_OPTIMIZATION_LEVEL = 0;
				GCC_PREPROCESSOR_DEFINITIONS = (
					"DEBUG=1",
					"$(inherited)",
				);
				GCC_WARN_64_TO_32_BIT_CONVERSION = YES;
				GCC_WARN_ABOUT_RETURN_TYPE = YES_ERROR;
				GCC_WARN_UNDECLARED_SELECTOR = YES;
				GCC_WARN_UNINITIALIZED_AUTOS = YES_AGGRESSIVE;
				GCC_WARN_UNUSED_FUNCTION = YES;
				GCC_WARN_UNUSED_VARIABLE = YES;
				IPHONEOS_DEPLOYMENT_TARGET = 17.2;
				LOCALIZATION_PREFERS_STRING_CATALOGS = YES;
				MTL_ENABLE_DEBUG_INFO = INCLUDE_SOURCE;
				MTL_FAST_MATH = YES;
				ONLY_ACTIVE_ARCH = YES;
				SDKROOT = iphoneos;
				SWIFT_ACTIVE_COMPILATION_CONDITIONS = "DEBUG $(inherited)";
				SWIFT_OPTIMIZATION_LEVEL = "-Onone";
			};
			name = Debug;
		};
		CF66DC502BC8EFB1001CD2C2 /* Release */ = {
			isa = XCBuildConfiguration;
			buildSettings = {
				ALWAYS_SEARCH_USER_PATHS = NO;
				ASSETCATALOG_COMPILER_GENERATE_SWIFT_ASSET_SYMBOL_EXTENSIONS = YES;
				CLANG_ANALYZER_NONNULL = YES;
				CLANG_ANALYZER_NUMBER_OBJECT_CONVERSION = YES_AGGRESSIVE;
				CLANG_CXX_LANGUAGE_STANDARD = "gnu++20";
				CLANG_ENABLE_MODULES = YES;
				CLANG_ENABLE_OBJC_ARC = YES;
				CLANG_ENABLE_OBJC_WEAK = YES;
				CLANG_WARN_BLOCK_CAPTURE_AUTORELEASING = YES;
				CLANG_WARN_BOOL_CONVERSION = YES;
				CLANG_WARN_COMMA = YES;
				CLANG_WARN_CONSTANT_CONVERSION = YES;
				CLANG_WARN_DEPRECATED_OBJC_IMPLEMENTATIONS = YES;
				CLANG_WARN_DIRECT_OBJC_ISA_USAGE = YES_ERROR;
				CLANG_WARN_DOCUMENTATION_COMMENTS = YES;
				CLANG_WARN_EMPTY_BODY = YES;
				CLANG_WARN_ENUM_CONVERSION = YES;
				CLANG_WARN_INFINITE_RECURSION = YES;
				CLANG_WARN_INT_CONVERSION = YES;
				CLANG_WARN_NON_LITERAL_NULL_CONVERSION = YES;
				CLANG_WARN_OBJC_IMPLICIT_RETAIN_SELF = YES;
				CLANG_WARN_OBJC_LITERAL_CONVERSION = YES;
				CLANG_WARN_OBJC_ROOT_CLASS = YES_ERROR;
				CLANG_WARN_QUOTED_INCLUDE_IN_FRAMEWORK_HEADER = YES;
				CLANG_WARN_RANGE_LOOP_ANALYSIS = YES;
				CLANG_WARN_STRICT_PROTOTYPES = YES;
				CLANG_WARN_SUSPICIOUS_MOVE = YES;
				CLANG_WARN_UNGUARDED_AVAILABILITY = YES_AGGRESSIVE;
				CLANG_WARN_UNREACHABLE_CODE = YES;
				CLANG_WARN__DUPLICATE_METHOD_MATCH = YES;
				COPY_PHASE_STRIP = NO;
				DEBUG_INFORMATION_FORMAT = "dwarf-with-dsym";
				ENABLE_NS_ASSERTIONS = NO;
				ENABLE_STRICT_OBJC_MSGSEND = YES;
				ENABLE_USER_SCRIPT_SANDBOXING = NO;
				GCC_C_LANGUAGE_STANDARD = gnu17;
				GCC_NO_COMMON_BLOCKS = YES;
				GCC_WARN_64_TO_32_BIT_CONVERSION = YES;
				GCC_WARN_ABOUT_RETURN_TYPE = YES_ERROR;
				GCC_WARN_UNDECLARED_SELECTOR = YES;
				GCC_WARN_UNINITIALIZED_AUTOS = YES_AGGRESSIVE;
				GCC_WARN_UNUSED_FUNCTION = YES;
				GCC_WARN_UNUSED_VARIABLE = YES;
				IPHONEOS_DEPLOYMENT_TARGET = 17.2;
				LOCALIZATION_PREFERS_STRING_CATALOGS = YES;
				MTL_ENABLE_DEBUG_INFO = NO;
				MTL_FAST_MATH = YES;
				SDKROOT = iphoneos;
				SWIFT_COMPILATION_MODE = wholemodule;
				VALIDATE_PRODUCT = YES;
			};
			name = Release;
		};
		CF66DC522BC8EFB1001CD2C2 /* Debug */ = {
			isa = XCBuildConfiguration;
			baseConfigurationReference = DB5FE3FE5D38663D2A6FF719 /* Pods-TaskApp.debug.xcconfig */;
			buildSettings = {
				ASSETCATALOG_COMPILER_APPICON_NAME = AppIcon;
				ASSETCATALOG_COMPILER_GLOBAL_ACCENT_COLOR_NAME = AccentColor;
				CODE_SIGN_STYLE = Automatic;
				CURRENT_PROJECT_VERSION = 1;
				GENERATE_INFOPLIST_FILE = YES;
				INFOPLIST_FILE = TaskApp/Info.plist;
				INFOPLIST_KEY_UIApplicationSupportsIndirectInputEvents = YES;
				INFOPLIST_KEY_UILaunchStoryboardName = LaunchScreen;
				INFOPLIST_KEY_UIMainStoryboardFile = Main;
				INFOPLIST_KEY_UISupportedInterfaceOrientations = UIInterfaceOrientationPortrait;
				INFOPLIST_KEY_UISupportedInterfaceOrientations_iPad = "UIInterfaceOrientationLandscapeLeft UIInterfaceOrientationLandscapeRight UIInterfaceOrientationPortrait UIInterfaceOrientationPortraitUpsideDown";
				LD_RUNPATH_SEARCH_PATHS = (
					"$(inherited)",
					"@executable_path/Frameworks",
				);
				MARKETING_VERSION = 1.0;
				PRODUCT_BUNDLE_IDENTIFIER = jp.techacademy.kota.nakamura.TaskApp;
				PRODUCT_NAME = "$(TARGET_NAME)";
				SUPPORTED_PLATFORMS = "iphoneos iphonesimulator";
				SUPPORTS_MACCATALYST = NO;
				SUPPORTS_MAC_DESIGNED_FOR_IPHONE_IPAD = NO;
				SWIFT_EMIT_LOC_STRINGS = YES;
				SWIFT_VERSION = 5.0;
				TARGETED_DEVICE_FAMILY = 1;
			};
			name = Debug;
		};
		CF66DC532BC8EFB1001CD2C2 /* Release */ = {
			isa = XCBuildConfiguration;
			baseConfigurationReference = D17B2D677F2641FC928D454E /* Pods-TaskApp.release.xcconfig */;
			buildSettings = {
				ASSETCATALOG_COMPILER_APPICON_NAME = AppIcon;
				ASSETCATALOG_COMPILER_GLOBAL_ACCENT_COLOR_NAME = AccentColor;
				CODE_SIGN_STYLE = Automatic;
				CURRENT_PROJECT_VERSION = 1;
				GENERATE_INFOPLIST_FILE = YES;
				INFOPLIST_FILE = TaskApp/Info.plist;
				INFOPLIST_KEY_UIApplicationSupportsIndirectInputEvents = YES;
				INFOPLIST_KEY_UILaunchStoryboardName = LaunchScreen;
				INFOPLIST_KEY_UIMainStoryboardFile = Main;
				INFOPLIST_KEY_UISupportedInterfaceOrientations = UIInterfaceOrientationPortrait;
				INFOPLIST_KEY_UISupportedInterfaceOrientations_iPad = "UIInterfaceOrientationLandscapeLeft UIInterfaceOrientationLandscapeRight UIInterfaceOrientationPortrait UIInterfaceOrientationPortraitUpsideDown";
				LD_RUNPATH_SEARCH_PATHS = (
					"$(inherited)",
					"@executable_path/Frameworks",
				);
				MARKETING_VERSION = 1.0;
				PRODUCT_BUNDLE_IDENTIFIER = jp.techacademy.kota.nakamura.TaskApp;
				PRODUCT_NAME = "$(TARGET_NAME)";
				SUPPORTED_PLATFORMS = "iphoneos iphonesimulator";
				SUPPORTS_MACCATALYST = NO;
				SUPPORTS_MAC_DESIGNED_FOR_IPHONE_IPAD = NO;
				SWIFT_EMIT_LOC_STRINGS = YES;
				SWIFT_VERSION = 5.0;
				TARGETED_DEVICE_FAMILY = 1;
			};
			name = Release;
		};
/* End XCBuildConfiguration section */

/* Begin XCConfigurationList section */
		CF66DC382BC8EFB0001CD2C2 /* Build configuration list for PBXProject "TaskApp" */ = {
			isa = XCConfigurationList;
			buildConfigurations = (
				CF66DC4F2BC8EFB1001CD2C2 /* Debug */,
				CF66DC502BC8EFB1001CD2C2 /* Release */,
			);
			defaultConfigurationIsVisible = 0;
			defaultConfigurationName = Release;
		};
		CF66DC512BC8EFB1001CD2C2 /* Build configuration list for PBXNativeTarget "TaskApp" */ = {
			isa = XCConfigurationList;
			buildConfigurations = (
				CF66DC522BC8EFB1001CD2C2 /* Debug */,
				CF66DC532BC8EFB1001CD2C2 /* Release */,
			);
			defaultConfigurationIsVisible = 0;
			defaultConfigurationName = Release;
		};
/* End XCConfigurationList section */
	};
	rootObject = CF66DC352BC8EFB0001CD2C2 /* Project object */;
}
